
Microsoft Visual Studio Solution File, Format Version 12.00
# Visual Studio Version 17
VisualStudioVersion = 17.0.31903.59
MinimumVisualStudioVersion = 10.0.40219.1
Project("{2150E333-8FDC-42A3-9474-1A3956D46DE8}") = "database", "database", "{02492F2C-F730-4738-9524-052CBD56D7C8}"
EndProject
Project("{FAE04EC0-301F-11D3-BF4B-00C04F79EFBC}") = "CommerceFlow.Database.Migrations", "database\CommerceFlow.Database.Migrations\CommerceFlow.Database.Migrations.csproj", "{EE105714-7316-417A-971F-73D4DFD7A01F}"
EndProject
Project("{2150E333-8FDC-42A3-9474-1A3956D46DE8}") = "legacy", "legacy", "{B81C11C9-17CD-4008-88B5-11117CB5A6B9}"
EndProject
Project("{FAE04EC0-301F-11D3-BF4B-00C04F79EFBC}") = "CommerceFlow.Legacy.Models", "legacy\CommerceFlow.Legacy.Models\CommerceFlow.Legacy.Models.csproj", "{DAC08A28-772E-4236-9AAF-BDC04D96A0CF}"
EndProject
Project("{FAE04EC0-301F-11D3-BF4B-00C04F79EFBC}") = "CommerceFlow.Legacy.DAL", "legacy\CommerceFlow.Legacy.DAL\CommerceFlow.Legacy.DAL.csproj", "{CFE70B8D-8E25-4E3C-99ED-0B84F3C34870}"
EndProject
Project("{FAE04EC0-301F-11D3-BF4B-00C04F79EFBC}") = "CommerceFlow.Legacy.BLL", "legacy\CommerceFlow.Legacy.BLL\CommerceFlow.Legacy.BLL.csproj", "{EBAA1D23-AA9A-4C55-8ACD-BB44FF170947}"
EndProject
Project("{FAE04EC0-301F-11D3-BF4B-00C04F79EFBC}") = "CommerceFlow.Legacy.Web", "legacy\CommerceFlow.Legacy.Web\CommerceFlow.Legacy.Web.csproj", "{F1FC9CE0-29A1-4ADF-B72A-CA9803B6EB4F}"
EndProject
Project("{FAE04EC0-301F-11D3-BF4B-00C04F79EFBC}") = "CommerceFlow.FakeErp", "legacy\CommerceFlow.FakeErp\CommerceFlow.FakeErp.csproj", "{29CF6F04-439A-4486-AC4E-BA6B49D7C4F1}"
EndProject
Project("{FAE04EC0-301F-11D3-BF4B-00C04F79EFBC}") = "CommerceFlow.Legacy.ErpExportJob", "legacy\CommerceFlow.Legacy.ErpExportJob\CommerceFlow.Legacy.ErpExportJob.csproj", "{88A2991D-AE96-4D3B-9995-6140CEA94FDF}"
EndProject
Global
	GlobalSection(SolutionConfigurationPlatforms) = preSolution
		Debug|Any CPU = Debug|Any CPU
		Release|Any CPU = Release|Any CPU
	EndGlobalSection
	GlobalSection(SolutionProperties) = preSolution
		HideSolutionNode = FALSE
	EndGlobalSection
	GlobalSection(ProjectConfigurationPlatforms) = postSolution
		{EE105714-7316-417A-971F-73D4DFD7A01F}.Debug|Any CPU.ActiveCfg = Debug|Any CPU
		{EE105714-7316-417A-971F-73D4DFD7A01F}.Debug|Any CPU.Build.0 = Debug|Any CPU
		{EE105714-7316-417A-971F-73D4DFD7A01F}.Release|Any CPU.ActiveCfg = Release|Any CPU
		{EE105714-7316-417A-971F-73D4DFD7A01F}.Release|Any CPU.Build.0 = Release|Any CPU
		{DAC08A28-772E-4236-9AAF-BDC04D96A0CF}.Debug|Any CPU.ActiveCfg = Debug|Any CPU
		{DAC08A28-772E-4236-9AAF-BDC04D96A0CF}.Debug|Any CPU.Build.0 = Debug|Any CPU
		{DAC08A28-772E-4236-9AAF-BDC04D96A0CF}.Release|Any CPU.ActiveCfg = Release|Any CPU
		{DAC08A28-772E-4236-9AAF-BDC04D96A0CF}.Release|Any CPU.Build.0 = Release|Any CPU
		{CFE70B8D-8E25-4E3C-99ED-0B84F3C34870}.Debug|Any CPU.ActiveCfg = Debug|Any CPU
		{CFE70B8D-8E25-4E3C-99ED-0B84F3C34870}.Debug|Any CPU.Build.0 = Debug|Any CPU
		{CFE70B8D-8E25-4E3C-99ED-0B84F3C34870}.Release|Any CPU.ActiveCfg = Release|Any CPU
		{CFE70B8D-8E25-4E3C-99ED-0B84F3C34870}.Release|Any CPU.Build.0 = Release|Any CPU
		{EBAA1D23-AA9A-4C55-8ACD-BB44FF170947}.Debug|Any CPU.ActiveCfg = Debug|Any CPU
		{EBAA1D23-AA9A-4C55-8ACD-BB44FF170947}.Debug|Any CPU.Build.0 = Debug|Any CPU
		{EBAA1D23-AA9A-4C55-8ACD-BB44FF170947}.Release|Any CPU.ActiveCfg = Release|Any CPU
		{EBAA1D23-AA9A-4C55-8ACD-BB44FF170947}.Release|Any CPU.Build.0 = Release|Any CPU
		{F1FC9CE0-29A1-4ADF-B72A-CA9803B6EB4F}.Debug|Any CPU.ActiveCfg = Debug|Any CPU
		{F1FC9CE0-29A1-4ADF-B72A-CA9803B6EB4F}.Debug|Any CPU.Build.0 = Debug|Any CPU
		{F1FC9CE0-29A1-4ADF-B72A-CA9803B6EB4F}.Release|Any CPU.ActiveCfg = Release|Any CPU
		{F1FC9CE0-29A1-4ADF-B72A-CA9803B6EB4F}.Release|Any CPU.Build.0 = Release|Any CPU
		{29CF6F04-439A-4486-AC4E-BA6B49D7C4F1}.Debug|Any CPU.ActiveCfg = Debug|Any CPU
		{29CF6F04-439A-4486-AC4E-BA6B49D7C4F1}.Debug|Any CPU.Build.0 = Debug|Any CPU
		{29CF6F04-439A-4486-AC4E-BA6B49D7C4F1}.Release|Any CPU.ActiveCfg = Release|Any CPU
		{29CF6F04-439A-4486-AC4E-BA6B49D7C4F1}.Release|Any CPU.Build.0 = Release|Any CPU
		{88A2991D-AE96-4D3B-9995-6140CEA94FDF}.Debug|Any CPU.ActiveCfg = Debug|Any CPU
		{88A2991D-AE96-4D3B-9995-6140CEA94FDF}.Debug|Any CPU.Build.0 = Debug|Any CPU
		{88A2991D-AE96-4D3B-9995-6140CEA94FDF}.Release|Any CPU.ActiveCfg = Release|Any CPU
		{88A2991D-AE96-4D3B-9995-6140CEA94FDF}.Release|Any CPU.Build.0 = Release|Any CPU
	EndGlobalSection
	GlobalSection(NestedProjects) = preSolution
		{EE105714-7316-417A-971F-73D4DFD7A01F} = {02492F2C-F730-4738-9524-052CBD56D7C8}
		{DAC08A28-772E-4236-9AAF-BDC04D96A0CF} = {B81C11C9-17CD-4008-88B5-11117CB5A6B9}
		{CFE70B8D-8E25-4E3C-99ED-0B84F3C34870} = {B81C11C9-17CD-4008-88B5-11117CB5A6B9}
		{EBAA1D23-AA9A-4C55-8ACD-BB44FF170947} = {B81C11C9-17CD-4008-88B5-11117CB5A6B9}
		{F1FC9CE0-29A1-4ADF-B72A-CA9803B6EB4F} = {B81C11C9-17CD-4008-88B5-11117CB5A6B9}
		{29CF6F04-439A-4486-AC4E-BA6B49D7C4F1} = {B81C11C9-17CD-4008-88B5-11117CB5A6B9}
		{88A2991D-AE96-4D3B-9995-6140CEA94FDF} = {B81C11C9-17CD-4008-88B5-11117CB5A6B9}
	EndGlobalSection
EndGlobal
